[[package]]
category = "main"
description = "Produce colored terminal text with an xml-like markup"
name = "ansimarkup"
optional = false
python-versions = "*"
version = "1.4.0"

[package.dependencies]
colorama = "*"

[[package]]
category = "dev"
description = "An abstract syntax tree for Python with inference support."
name = "astroid"
optional = false
python-versions = ">=3.4.*"
version = "2.1.0"

[package.dependencies]
lazy-object-proxy = "*"
six = "*"
wrapt = "*"

[[package]]
category = "dev"
description = "Atomic file writes."
name = "atomicwrites"
optional = false
python-versions = ">=2.7, !=3.0.*, !=3.1.*, !=3.2.*, !=3.3.*"
version = "1.2.1"

[[package]]
category = "dev"
description = "Classes Without Boilerplate"
name = "attrs"
optional = false
python-versions = "*"
version = "18.2.0"

[[package]]
category = "main"
description = "Pretty and helpful exceptions, automatically"
name = "better-exceptions-fork"
optional = false
python-versions = "*"
version = "0.2.1.post6"

[package.dependencies]
ansimarkup = ">=1.3.0"
colorama = "*"
pygments = ">=2.2.0"

[[package]]
category = "dev"
description = "A thin, practical wrapper around terminal coloring, styling, and positioning"
name = "blessings"
optional = false
python-versions = ">=2.7, !=3.0.*, !=3.1.*, !=3.2.*, !=3.3.*"
version = "1.7"

[package.dependencies]
six = "*"

[[package]]
category = "dev"
description = "Fancy Interface to the Python Interpreter"
name = "bpython"
optional = false
python-versions = "*"
version = "0.17.1"

[package.dependencies]
curtsies = ">=0.1.18"
greenlet = "*"
pygments = "*"
requests = "*"
six = ">=1.5"

[[package]]
category = "main"
description = "Python package for providing Mozilla's CA Bundle."
name = "certifi"
optional = false
python-versions = "*"
version = "2018.11.29"

[[package]]
category = "main"
description = "Universal encoding detector for Python 2 and 3"
name = "chardet"
optional = false
python-versions = "*"
version = "3.0.4"

[[package]]
category = "main"
description = "Composable command line interface toolkit"
name = "click"
optional = false
python-versions = ">=2.7, !=3.0.*, !=3.1.*, !=3.2.*, !=3.3.*"
version = "7.0"

[[package]]
category = "main"
description = "Cross-platform colored terminal text."
name = "colorama"
optional = false
python-versions = ">=2.7, !=3.0.*, !=3.1.*, !=3.2.*, !=3.3.*"
version = "0.4.1"

[[package]]
category = "dev"
description = "Code coverage measurement for Python"
name = "coverage"
optional = false
python-versions = ">=2.6, !=3.0.*, !=3.1.*, !=3.2.*, <4"
version = "4.5.2"

[[package]]
category = "dev"
description = "Curses-like terminal wrapper, with colored strings!"
name = "curtsies"
optional = false
python-versions = "*"
version = "0.3.0"

[package.dependencies]
blessings = ">=1.5"
typing = "*"
wcwidth = ">=0.1.4"

[[package]]
category = "dev"
description = "A platform independent file lock."
name = "filelock"
optional = false
python-versions = "*"
version = "3.0.10"

[[package]]
category = "dev"
description = "the modular source code checker: pep8, pyflakes and co"
name = "flake8"
optional = false
python-versions = ">=2.7, !=3.0.*, !=3.1.*, !=3.2.*, !=3.3.*"
version = "3.6.0"

[package.dependencies]
mccabe = ">=0.6.0,<0.7.0"
pycodestyle = ">=2.4.0,<2.5.0"
pyflakes = ">=2.0.0,<2.1.0"
setuptools = ">=30"

[[package]]
category = "main"
description = "Python wrapper for the Flickr API"
name = "flickr-api"
optional = false
python-versions = "*"
version = "0.6.1"

[package.dependencies]
oauth2 = "*"
requests = "*"
six = "*"

[[package]]
category = "dev"
description = "Lightweight in-process concurrent programming"
name = "greenlet"
optional = false
python-versions = "*"
version = "0.4.15"

[[package]]
category = "main"
description = "A comprehensive HTTP client library."
name = "httplib2"
optional = false
python-versions = "*"
version = "0.12.0"

[[package]]
category = "main"
description = "Internationalized Domain Names in Applications (IDNA)"
name = "idna"
optional = false
python-versions = ">=2.7, !=3.0.*, !=3.1.*, !=3.2.*, !=3.3.*"
version = "2.8"

[[package]]
category = "dev"
description = "A Python utility / library to sort Python imports."
name = "isort"
optional = false
python-versions = ">=2.7, !=3.0.*, !=3.1.*, !=3.2.*, !=3.3.*"
version = "4.3.4"

[[package]]
category = "dev"
description = "A fast and thorough lazy object proxy."
name = "lazy-object-proxy"
optional = false
python-versions = "*"
version = "1.3.1"

[[package]]
category = "main"
description = "Python logging made (stupidly) simple"
name = "loguru"
optional = false
python-versions = ">=3.5"
version = "0.2.4"

[package.dependencies]
ansimarkup = ">=1.4.0"
better-exceptions-fork = ">=0.2.1.post6"
colorama = ">=0.3.4"

[[package]]
category = "dev"
description = "McCabe checker, plugin for flake8"
name = "mccabe"
optional = false
python-versions = "*"
version = "0.6.1"

[[package]]
category = "dev"
description = "More routines for operating on iterables, beyond itertools"
name = "more-itertools"
optional = false
python-versions = "*"
version = "5.0.0"

[package.dependencies]
six = ">=1.0.0,<2.0.0"

[[package]]
category = "dev"
description = "Optional static typing for Python"
name = "mypy"
optional = false
python-versions = "*"
version = "0.650"

[package.dependencies]
mypy-extensions = ">=0.4.0,<0.5.0"
typed-ast = ">=1.1.0,<1.2.0"

[[package]]
category = "dev"
description = "Experimental type system extensions for programs checked with the mypy typechecker."
name = "mypy-extensions"
optional = false
python-versions = "*"
version = "0.4.1"

[[package]]
category = "main"
description = "library for OAuth version 1.9"
name = "oauth2"
optional = false
python-versions = "*"
version = "1.9.0.post1"

[package.dependencies]
httplib2 = "*"

[[package]]
category = "dev"
description = "Core utilities for Python packages"
name = "packaging"
optional = false
python-versions = ">=2.7, !=3.0.*, !=3.1.*, !=3.2.*, !=3.3.*"
version = "18.0"

[package.dependencies]
pyparsing = ">=2.0.2"
six = "*"

[[package]]
category = "dev"
description = "plugin and hook calling mechanisms for python"
name = "pluggy"
optional = false
python-versions = ">=2.7, !=3.0.*, !=3.1.*, !=3.2.*, !=3.3.*"
version = "0.8.1"

[[package]]
category = "dev"
description = "library with cross-python path, ini-parsing, io, code, log facilities"
name = "py"
optional = false
python-versions = ">=2.7, !=3.0.*, !=3.1.*, !=3.2.*, !=3.3.*"
version = "1.7.0"

[[package]]
category = "dev"
description = "Python style guide checker"
name = "pycodestyle"
optional = false
python-versions = "*"
version = "2.4.0"

[[package]]
category = "dev"
description = "passive checker of Python programs"
name = "pyflakes"
optional = false
python-versions = ">=2.7, !=3.0.*, !=3.1.*, !=3.2.*, !=3.3.*"
version = "2.0.0"

[[package]]
category = "main"
description = "Pygments is a syntax highlighting package written in Python."
name = "pygments"
optional = false
python-versions = "*"
version = "2.3.1"

[[package]]
category = "dev"
description = "python code static checker"
name = "pylint"
optional = false
python-versions = ">=3.4.*"
version = "2.2.2"

[package.dependencies]
astroid = ">=2.0.0"
colorama = "*"
isort = ">=4.2.5"
mccabe = "*"

[[package]]
category = "dev"
description = "Python parsing module"
name = "pyparsing"
optional = false
python-versions = ">=2.6, !=3.0.*, !=3.1.*, !=3.2.*"
version = "2.3.0"

[[package]]
category = "dev"
description = "pytest: simple powerful testing with Python"
name = "pytest"
optional = false
python-versions = ">=2.7, !=3.0.*, !=3.1.*, !=3.2.*, !=3.3.*"
version = "4.1.0"

[package.dependencies]
atomicwrites = ">=1.0"
attrs = ">=17.4.0"
colorama = "*"
more-itertools = ">=4.0.0"
pluggy = ">=0.7"
py = ">=1.5.0"
setuptools = "*"
six = ">=1.10.0"

[[package]]
category = "dev"
description = "pytest-sugar is a plugin for pytest that changes the default look and feel of pytest (e.g. progressbar, show tests that fail instantly)."
name = "pytest-sugar"
optional = false
python-versions = "*"
version = "0.9.2"

[package.dependencies]
packaging = ">=14.1"
pytest = ">=2.9"
termcolor = ">=1.1.0"

[[package]]
category = "main"
description = "Python HTTP for Humans."
name = "requests"
optional = false
python-versions = ">=2.7, !=3.0.*, !=3.1.*, !=3.2.*, !=3.3.*"
version = "2.21.0"

[package.dependencies]
certifi = ">=2017.4.17"
chardet = ">=3.0.2,<3.1.0"
idna = ">=2.5,<2.9"
urllib3 = ">=1.21.1,<1.25"

[[package]]
category = "main"
description = "Python 2 and 3 compatibility utilities"
name = "six"
optional = false
python-versions = ">=2.6, !=3.0.*, !=3.1.*"
version = "1.12.0"

[[package]]
category = "dev"
description = "ANSII Color formatting for output in terminal."
name = "termcolor"
optional = false
python-versions = "*"
version = "1.1.0"

[[package]]
category = "dev"
description = "Python Library for Tom's Obvious, Minimal Language"
name = "toml"
optional = false
python-versions = "*"
version = "0.10.0"

[[package]]
category = "dev"
description = "virtualenv-based automation of test activities"
name = "tox"
optional = false
python-versions = ">=2.7, !=3.0.*, !=3.1.*, !=3.2.*, !=3.3.*"
version = "3.6.1"

[package.dependencies]
filelock = ">=3.0.0,<4"
pluggy = ">=0.3.0,<1"
py = ">=1.4.17,<2"
setuptools = ">=30.0.0"
six = ">=1.0.0,<2"
toml = ">=0.9.4"
virtualenv = ">=1.11.2"

[[package]]
category = "dev"
description = "a fork of Python 2 and 3 ast modules with type comment support"
name = "typed-ast"
optional = false
python-versions = "*"
version = "1.1.1"

[[package]]
category = "dev"
description = "Type Hints for Python"
name = "typing"
optional = false
python-versions = "*"
version = "3.6.6"

[[package]]
category = "main"
description = "HTTP library with thread-safe connection pooling, file post, and more."
name = "urllib3"
optional = false
python-versions = ">=2.7, !=3.0.*, !=3.1.*, !=3.2.*, !=3.3.*, <4"
version = "1.24.1"

[[package]]
category = "dev"
description = "Virtual Python Environment builder"
name = "virtualenv"
optional = false
python-versions = ">=2.7, !=3.0.*, !=3.1.*, !=3.2.*, !=3.3.*"
version = "16.2.0"

[package.dependencies]
setuptools = ">=18.0.0"

[[package]]
category = "dev"
description = "Measures number of Terminal column cells of wide-character codes"
name = "wcwidth"
optional = false
python-versions = "*"
version = "0.1.7"

[[package]]
category = "dev"
description = "Module for decorators, wrappers and monkey patching."
name = "wrapt"
optional = false
python-versions = "*"
version = "1.11.0"

[metadata]
content-hash = "0b5b05eb30a7ca6258d6c9de6c6c3a319685eb1b554759f8692ca5be0c264885"
python-versions = "^3.7"

[metadata.hashes]
ansimarkup = ["06365e3ef89a12734fc408b2449cb4642d5fe2e603e95e7296eff9e98a0fe0b4", "174d920481416cec8d5a707af542d6fba25a1df1c21d8996479c32ba453649a4"]
astroid = ["35b032003d6a863f5dcd7ec11abd5cd5893428beaa31ab164982403bcb311f22", "6a5d668d7dc69110de01cdf7aeec69a679ef486862a0850cc0fd5571505b6b7e"]
atomicwrites = ["0312ad34fcad8fac3704d441f7b317e50af620823353ec657a53e981f92920c0", "ec9ae8adaae229e4f8446952d204a3e4b5fdd2d099f9be3aaf556120135fb3ee"]
attrs = ["10cbf6e27dbce8c30807caf056c8eb50917e0eaafe86347671b57254006c3e69", "ca4be454458f9dec299268d472aaa5a11f67a4ff70093396e1ceae9c76cf4bbb"]
better-exceptions-fork = ["5f0983da51e956dbdaf8b9a3d10e2774b382ce6c6ff2e54685c33e2dbe8f1472"]
blessings = ["98e5854d805f50a5b58ac2333411b0482516a8210f23f43308baeb58d77c157d", "b1fdd7e7a675295630f9ae71527a8ebc10bfefa236b3d6aa4932ee4462c17ba3", "caad5211e7ba5afe04367cdd4cfc68fa886e2e08f6f35e76b7387d2109ccea6e"]
bpython = ["6cd1b165888c232f2fcdd4313577b6066155d6c94b3d42c0f11649c000394417", "8907c510bca3c4d9bc0a157279bdc5e3b739cc68c0f247167279b6fe4becb02f"]
certifi = ["47f9c83ef4c0c621eaef743f133f09fa8a74a9b75f037e8624f83bd1b6626cb7", "993f830721089fef441cdfeb4b2c8c9df86f0c63239f06bd025a76a7daddb033"]
chardet = ["84ab92ed1c4d4f16916e05906b6b75a6c0fb5db821cc65e70cbd64a3e2a5eaae", "fc323ffcaeaed0e0a02bf4d117757b98aed530d9ed4531e3e15460124c106691"]
click = ["2335065e6395b9e67ca716de5f7526736bfa6ceead690adf616d925bdc622b13", "5b94b49521f6456670fdb30cd82a4eca9412788a93fa6dd6df72c94d5a8ff2d7"]
colorama = ["05eed71e2e327246ad6b38c540c4a3117230b19679b875190486ddd2d721422d", "f8ac84de7840f5b9c4e3347b3c1eaa50f7e49c2b07596221daec5edaabbd7c48"]
coverage = ["06123b58a1410873e22134ca2d88bd36680479fe354955b3579fb8ff150e4d27", "09e47c529ff77bf042ecfe858fb55c3e3eb97aac2c87f0349ab5a7efd6b3939f", "0a1f9b0eb3aa15c990c328535655847b3420231af299386cfe5efc98f9c250fe", "0cc941b37b8c2ececfed341444a456912e740ecf515d560de58b9a76562d966d", "0d34245f824cc3140150ab7848d08b7e2ba67ada959d77619c986f2062e1f0e8", "10e8af18d1315de936d67775d3a814cc81d0747a1a0312d84e27ae5610e313b0", "1b4276550b86caa60606bd3572b52769860a81a70754a54acc8ba789ce74d607", "1e8a2627c48266c7b813975335cfdea58c706fe36f607c97d9392e61502dc79d", "258b21c5cafb0c3768861a6df3ab0cfb4d8b495eee5ec660e16f928bf7385390", "2b224052bfd801beb7478b03e8a66f3f25ea56ea488922e98903914ac9ac930b", "3ad59c84c502cd134b0088ca9038d100e8fb5081bbd5ccca4863f3804d81f61d", "447c450a093766744ab53bf1e7063ec82866f27bcb4f4c907da25ad293bba7e3", "46101fc20c6f6568561cdd15a54018bb42980954b79aa46da8ae6f008066a30e", "4710dc676bb4b779c4361b54eb308bc84d64a2fa3d78e5f7228921eccce5d815", "510986f9a280cd05189b42eee2b69fecdf5bf9651d4cd315ea21d24a964a3c36", "5535dda5739257effef56e49a1c51c71f1d37a6e5607bb25a5eee507c59580d1", "5a7524042014642b39b1fcae85fb37556c200e64ec90824ae9ecf7b667ccfc14", "5f55028169ef85e1fa8e4b8b1b91c0b3b0fa3297c4fb22990d46ff01d22c2d6c", "6694d5573e7790a0e8d3d177d7a416ca5f5c150742ee703f3c18df76260de794", "6831e1ac20ac52634da606b658b0b2712d26984999c9d93f0c6e59fe62ca741b", "71afc1f5cd72ab97330126b566bbf4e8661aab7449f08895d21a5d08c6b051ff", "7349c27128334f787ae63ab49d90bf6d47c7288c63a0a5dfaa319d4b4541dd2c", "77f0d9fa5e10d03aa4528436e33423bfa3718b86c646615f04616294c935f840", "828ad813c7cdc2e71dcf141912c685bfe4b548c0e6d9540db6418b807c345ddd", "859714036274a75e6e57c7bab0c47a4602d2a8cfaaa33bbdb68c8359b2ed4f5c", "85a06c61598b14b015d4df233d249cd5abfa61084ef5b9f64a48e997fd829a82", "869ef4a19f6e4c6987e18b315721b8b971f7048e6eaea29c066854242b4e98d9", "8cb4febad0f0b26c6f62e1628f2053954ad2c555d67660f28dfb1b0496711952", "977e2d9a646773cc7428cdd9a34b069d6ee254fadfb4d09b3f430e95472f3cf3", "99bd767c49c775b79fdcd2eabff405f1063d9d959039c0bdd720527a7738748a", "a5c58664b23b248b16b96253880b2868fb34358911400a7ba39d7f6399935389", "aaa0f296e503cda4bc07566f592cd7a28779d433f3a23c48082af425d6d5a78f", "ab235d9fe64833f12d1334d29b558aacedfbca2356dfb9691f2d0d38a8a7bfb4", "b3b0c8f660fae65eac74fbf003f3103769b90012ae7a460863010539bb7a80da", "bab8e6d510d2ea0f1d14f12642e3f35cefa47a9b2e4c7cea1852b52bc9c49647", "c45297bbdbc8bb79b02cf41417d63352b70bcb76f1bbb1ee7d47b3e89e42f95d", "d19bca47c8a01b92640c614a9147b081a1974f69168ecd494687c827109e8f42", "d64b4340a0c488a9e79b66ec9f9d77d02b99b772c8b8afd46c1294c1d39ca478", "da969da069a82bbb5300b59161d8d7c8d423bc4ccd3b410a9b4d8932aeefc14b", "ed02c7539705696ecb7dc9d476d861f3904a8d2b7e894bd418994920935d36bb", "ee5b8abc35b549012e03a7b1e86c09491457dba6c94112a2482b18589cc2bdb9"]
curtsies = ["89c802ec051d01dec6fc983e9856a3706e4ea8265d2940b1f6d504a9e26ed3a9"]
filelock = ["b8d5ca5ca1c815e1574aee746650ea7301de63d87935b3463d26368b76e31633", "d610c1bb404daf85976d7a82eb2ada120f04671007266b708606565dd03b5be6"]
flake8 = ["6a35f5b8761f45c5513e3405f110a86bea57982c3b75b766ce7b65217abe1670", "c01f8a3963b3571a8e6bd7a4063359aff90749e160778e03817cd9b71c9e07d2"]
flickr-api = ["57ba6845ad891f32144791d9be1e44a9d76afe9b8e32f1034b956dd38718aa79"]
greenlet = ["000546ad01e6389e98626c1367be58efa613fa82a1be98b0c6fc24b563acc6d0", "0d48200bc50cbf498716712129eef819b1729339e34c3ae71656964dac907c28", "23d12eacffa9d0f290c0fe0c4e81ba6d5f3a5b7ac3c30a5eaf0126bf4deda5c8", "37c9ba82bd82eb6a23c2e5acc03055c0e45697253b2393c9a50cef76a3985304", "51503524dd6f152ab4ad1fbd168fc6c30b5795e8c70be4410a64940b3abb55c0", "8041e2de00e745c0e05a502d6e6db310db7faa7c979b3a5877123548a4c0b214", "81fcd96a275209ef117e9ec91f75c731fa18dcfd9ffaa1c0adbdaa3616a86043", "853da4f9563d982e4121fed8c92eea1a4594a2299037b3034c3c898cb8e933d6", "8b4572c334593d449113f9dc8d19b93b7b271bdbe90ba7509eb178923327b625", "9416443e219356e3c31f1f918a91badf2e37acf297e2fa13d24d1cc2380f8fbc", "9854f612e1b59ec66804931df5add3b2d5ef0067748ea29dc60f0efdcda9a638", "99a26afdb82ea83a265137a398f570402aa1f2b5dfb4ac3300c026931817b163", "a19bf883b3384957e4a4a13e6bd1ae3d85ae87f4beb5957e35b0be287f12f4e4", "a9f145660588187ff835c55a7d2ddf6abfc570c2651c276d3d4be8a2766db490", "ac57fcdcfb0b73bb3203b58a14501abb7e5ff9ea5e2edfa06bb03035f0cff248", "bcb530089ff24f6458a81ac3fa699e8c00194208a724b644ecc68422e1111939", "beeabe25c3b704f7d56b573f7d2ff88fc99f0138e43480cecdfcaa3b87fe4f87", "d634a7ea1fc3380ff96f9e44d8d22f38418c1c381d5fac680b272d7d90883720", "d97b0661e1aead761f0ded3b769044bb00ed5d33e1ec865e891a8b128bf7c656"]
httplib2 = ["f61fb838a94ce3b349aa32c92fd8430f7e3511afdb18bf9640d647e30c90a6d6"]
idna = ["c357b3f628cf53ae2c4c05627ecc484553142ca23264e593d327bcde5e9c3407", "ea8b7f6188e6fa117537c3df7da9fc686d485087abf6ac197f9c46432f7e4a3c"]
isort = ["1153601da39a25b14ddc54955dbbacbb6b2d19135386699e2ad58517953b34af", "b9c40e9750f3d77e6e4d441d8b0266cf555e7cdabdcff33c4fd06366ca761ef8", "ec9ef8f4a9bc6f71eec99e1806bfa2de401650d996c59330782b89a5555c1497"]
lazy-object-proxy = ["0ce34342b419bd8f018e6666bfef729aec3edf62345a53b537a4dcc115746a33", "1b668120716eb7ee21d8a38815e5eb3bb8211117d9a90b0f8e21722c0758cc39", "209615b0fe4624d79e50220ce3310ca1a9445fd8e6d3572a896e7f9146bbf019", "27bf62cb2b1a2068d443ff7097ee33393f8483b570b475db8ebf7e1cba64f088", "27ea6fd1c02dcc78172a82fc37fcc0992a94e4cecf53cb6d73f11749825bd98b", "2c1b21b44ac9beb0fc848d3993924147ba45c4ebc24be19825e57aabbe74a99e", "2df72ab12046a3496a92476020a1a0abf78b2a7db9ff4dc2036b8dd980203ae6", "320ffd3de9699d3892048baee45ebfbbf9388a7d65d832d7e580243ade426d2b", "50e3b9a464d5d08cc5227413db0d1c4707b6172e4d4d915c1c70e4de0bbff1f5", "5276db7ff62bb7b52f77f1f51ed58850e315154249aceb42e7f4c611f0f847ff", "61a6cf00dcb1a7f0c773ed4acc509cb636af2d6337a08f362413c76b2b47a8dd", "6ae6c4cb59f199d8827c5a07546b2ab7e85d262acaccaacd49b62f53f7c456f7", "7661d401d60d8bf15bb5da39e4dd72f5d764c5aff5a86ef52a042506e3e970ff", "7bd527f36a605c914efca5d3d014170b2cb184723e423d26b1fb2fd9108e264d", "7cb54db3535c8686ea12e9535eb087d32421184eacc6939ef15ef50f83a5e7e2", "7f3a2d740291f7f2c111d86a1c4851b70fb000a6c8883a59660d95ad57b9df35", "81304b7d8e9c824d058087dcb89144842c8e0dea6d281c031f59f0acf66963d4", "933947e8b4fbe617a51528b09851685138b49d511af0b6c0da2539115d6d4514", "94223d7f060301b3a8c09c9b3bc3294b56b2188e7d8179c762a1cda72c979252", "ab3ca49afcb47058393b0122428358d2fbe0408cf99f1b58b295cfeb4ed39109", "bd6292f565ca46dee4e737ebcc20742e3b5be2b01556dafe169f6c65d088875f", "cb924aa3e4a3fb644d0c463cad5bc2572649a6a3f68a7f8e4fbe44aaa6d77e4c", "d0fc7a286feac9077ec52a927fc9fe8fe2fabab95426722be4c953c9a8bede92", "ddc34786490a6e4ec0a855d401034cbd1242ef186c20d79d2166d6a4bd449577", "e34b155e36fa9da7e1b7c738ed7767fc9491a62ec6af70fe9da4a057759edc2d", "e5b9e8f6bda48460b7b143c3821b21b452cb3a835e6bbd5dd33aa0c8d3f5137d", "e81ebf6c5ee9684be8f2c87563880f93eedd56dd2b6146d8a725b50b7e5adb0f", "eb91be369f945f10d3a49f5f9be8b3d0b93a4c2be8f8a5b83b0571b8123e0a7a", "f460d1ceb0e4a5dcb2a652db0904224f367c9b3c1470d5a7683c0480e582468b"]
loguru = ["5697a878f0addbafc896698ed3cfa12e2515e9b641d1cb2021745fa2625c3ff7", "966b4c48c98abc6c8edb3fd76f44cbce969eaddfa8555f0c08252ff6dcf083ca"]
mccabe = ["ab8a6258860da4b6677da4bd2fe5dc2c659cff31b3ee4f7f5d64e79735b80d42", "dd8d182285a0fe56bace7f45b5e7d1a6ebcbf524e8f3bd87eb0f125271b8831f"]
more-itertools = ["38a936c0a6d98a38bcc2d03fdaaedaba9f412879461dd2ceff8d37564d6522e4", "c0a5785b1109a6bd7fac76d6837fd1feca158e54e521ccd2ae8bfe393cc9d4fc", "fe7a7cae1ccb57d33952113ff4fa1bc5f879963600ed74918f1236e212ee50b9"]
mypy = ["12d965c9c4e8a625673aec493162cf390e66de12ef176b1f4821ac00d55f3ab3", "38d5b5f835a81817dcc0af8d155bce4e9aefa03794fe32ed154d6612e83feafa"]
mypy-extensions = ["37e0e956f41369209a3d5f34580150bcacfabaa57b33a15c0b25f4b5725e0812", "b16cabe759f55e3409a7d231ebd2841378fb0c27a5d1994719e340e4f429ac3e"]
oauth2 = ["15b5c42301f46dd63113f1214b0d81a8b16254f65a86d3c32a1b52297f3266e6", "c006a85e7c60107c7cc6da1b184b5c719f6dd7202098196dfa6e55df669b59bf"]
packaging = ["0886227f54515e592aaa2e5a553332c73962917f2831f1b0f9b9f4380a4b9807", "f95a1e147590f204328170981833854229bb2912ac3d5f89e2a8ccd2834800c9"]
pluggy = ["8ddc32f03971bfdf900a81961a48ccf2fb677cf7715108f85295c67405798616", "980710797ff6a041e9a73a5787804f848996ecaa6f8a1b1e08224a5894f2074a"]
py = ["bf92637198836372b520efcba9e020c330123be8ce527e535d185ed4b6f45694", "e76826342cefe3c3d5f7e8ee4316b80d1dd8a300781612ddbc765c17ba25a6c6"]
pycodestyle = ["74abc4e221d393ea5ce1f129ea6903209940c1ecd29e002e8c6933c2b21026e0", "cbc619d09254895b0d12c2c691e237b2e91e9b2ecf5e84c26b35400f93dcfb83", "cbfca99bd594a10f674d0cd97a3d802a1fdef635d4361e1a2658de47ed261e3a"]
pyflakes = ["9a7662ec724d0120012f6e29d6248ae3727d821bba522a0e6b356eff19126a49", "f661252913bc1dbe7fcfcbf0af0db3f42ab65aabd1a6ca68fe5d466bace94dae"]
pygments = ["5ffada19f6203563680669ee7f53b64dabbeb100eb51b61996085e99c03b284a", "e8218dd399a61674745138520d0d4cf2621d7e032439341bc3f647bff125818d"]
pylint = ["689de29ae747642ab230c6d37be2b969bf75663176658851f456619aacf27492", "771467c434d0d9f081741fec1d64dfb011ed26e65e12a28fe06ca2f61c4d556c"]
pyparsing = ["40856e74d4987de5d01761a22d1621ae1c7f8774585acae358aa5c5936c6c90b", "f353aab21fd474459d97b709e527b5571314ee5f067441dc9f88e33eecd96592"]
pytest = ["3e65a22eb0d4f1bdbc1eacccf4a3198bf8d4049dea5112d70a0c61b00e748d02", "5924060b374f62608a078494b909d341720a050b5224ff87e17e12377486a71d"]
pytest-sugar = ["26cf8289fe10880cbbc130bd77398c4e6a8b936d8393b116a5c16121d95ab283", "fcd87a74b2bce5386d244b49ad60549bfbc4602527797fac167da147983f58ab"]
requests = ["502a824f31acdacb3a35b6690b5fbf0bc41d63a24a45c4004352b0242707598e", "7bf2a778576d825600030a110f3c0e3e8edc51dfaafe1c146e39a2027784957b"]
six = ["3350809f0555b11f552448330d0b52d5f24c91a322ea4a15ef22629740f3761c", "d16a0141ec1a18405cd4ce8b4613101da75da0e9a7aec5bdd4fa804d0e0eba73"]
termcolor = ["1d6d69ce66211143803fbc56652b41d73b4a400a2891d7bf7a1cdf4c02de613b"]
toml = ["229f81c57791a41d65e399fc06bf0848bab550a9dfd5ed66df18ce5f05e73d5c", "235682dd292d5899d361a811df37e04a8828a5b1da3115886b73cf81ebc9100e", "f1db651f9657708513243e61e6cc67d101a39bad662eaa9b5546f789338e07a3"]
tox = ["2a8d8a63660563e41e64e3b5b677e81ce1ffa5e2a93c2c565d3768c287445800", "edfca7809925f49bdc110d0a2d9966bbf35a0c25637216d9586e7a5c5de17bfb"]
typed-ast = ["0555eca1671ebe09eb5f2176723826f6f44cca5060502fea259de9b0e893ab53", "0ca96128ea66163aea13911c9b4b661cb345eb729a20be15c034271360fc7474", "16ccd06d614cf81b96de42a37679af12526ea25a208bce3da2d9226f44563868", "1e21ae7b49a3f744958ffad1737dfbdb43e1137503ccc59f4e32c4ac33b0bd1c", "37670c6fd857b5eb68aa5d193e14098354783b5138de482afa401cc2644f5a7f", "46d84c8e3806619ece595aaf4f37743083f9454c9ea68a517f1daa05126daf1d", "5b972bbb3819ece283a67358103cc6671da3646397b06e7acea558444daf54b2", "6306ffa64922a7b58ee2e8d6f207813460ca5a90213b4a400c2e730375049246", "6cb25dc95078931ecbd6cbcc4178d1b8ae8f2b513ae9c3bd0b7f81c2191db4c6", "7e19d439fee23620dea6468d85bfe529b873dace39b7e5b0c82c7099681f8a22", "7f5cd83af6b3ca9757e1127d852f497d11c7b09b4716c355acfbebf783d028da", "81e885a713e06faeef37223a5b1167615db87f947ecc73f815b9d1bbd6b585be", "94af325c9fe354019a29f9016277c547ad5d8a2d98a02806f27a7436b2da6735", "b1e5445c6075f509d5764b84ce641a1535748801253b97f3b7ea9d948a22853a", "cb061a959fec9a514d243831c514b51ccb940b58a5ce572a4e209810f2507dcf", "cc8d0b703d573cbabe0d51c9d68ab68df42a81409e4ed6af45a04a95484b96a5", "da0afa955865920edb146926455ec49da20965389982f91e926389666f5cf86a", "dc76738331d61818ce0b90647aedde17bbba3d3f9e969d83c1d9087b4f978862", "e7ec9a1445d27dbd0446568035f7106fa899a36f55e52ade28020f7b3845180d", "f741ba03feb480061ab91a465d1a3ed2d40b52822ada5b4017770dfcb88f839f", "fe800a58547dd424cd286b7270b967b5b3316b993d86453ede184a17b5a6b17d"]
typing = ["4027c5f6127a6267a435201981ba156de91ad0d1d98e9ddc2aa173453453492d", "57dcf675a99b74d64dacf6fba08fb17cf7e3d5fdff53d4a30ea2a5e7e52543d4", "a4c8473ce11a65999c8f59cb093e70686b6c84c98df58c1dae9b3b196089858a"]
urllib3 = ["61bf29cada3fc2fbefad4fdf059ea4bd1b4a86d2b6d15e1c7c0b582b9752fe39", "de9529817c93f27c8ccbfead6985011db27bd0ddfcdb2d86f3f663385c6a9c22"]
virtualenv = ["34b9ae3742abed2f95d3970acf4d80533261d6061b51160b197f84e5b4c98b4c", "fa736831a7b18bd2bfeef746beb622a92509e9733d645952da136b0639cd40cd"]
wcwidth = ["3df37372226d6e63e1b1e1eda15c594bca98a22d33a23832a90998faa96bc65e", "f4ebe71925af7b40a864553f761ed559b43544f8f71746c2d756c7fe788ade7c"]
wrapt = ["e03f19f64d81d0a3099518ca26b04550026f131eced2e76ced7b85c6b8d32128"]
